
Microsoft Visual Studio Solution File, Format Version 12.00
# Visual Studio Version 17
VisualStudioVersion = 17.7.34202.233
MinimumVisualStudioVersion = 10.0.40219.1
Project("{FAE04EC0-301F-11D3-BF4B-00C04F79EFBC}") = "try-automapper", "try-automapper.csproj", "{E78609C2-B61E-460C-B003-81AD85591AFD}"
EndProject
Global
	GlobalSection(SolutionConfigurationPlatforms) = preSolution
		Debug|Any CPU = Debug|Any CPU
		Release|Any CPU = Release|Any CPU
	EndGlobalSection
	GlobalSection(ProjectConfigurationPlatforms) = postSolution
		{E78609C2-B61E-460C-B003-81AD85591AFD}.Debug|Any CPU.ActiveCfg = Debug|Any CPU
		{E78609C2-B61E-460C-B003-81AD85591AFD}.Debug|Any CPU.Build.0 = Debug|Any CPU
		{E78609C2-B61E-460C-B003-81AD85591AFD}.Release|Any CPU.ActiveCfg = Release|Any CPU
		{E78609C2-B61E-460C-B003-81AD85591AFD}.Release|Any CPU.Build.0 = Release|Any CPU
	EndGlobalSection
	GlobalSection(SolutionProperties) = preSolution
		HideSolutionNode = FALSE
	EndGlobalSection
	GlobalSection(ExtensibilityGlobals) = postSolution
		SolutionGuid = {548097BD-B5F4-42ED-93BE-4A5F5C127C3C}
	EndGlobalSection
EndGlobal
